{
  "name": "freelancer-hash",
  "version": "1.0.0",
  "lockfileVersion": 1,
  "requires": true,
  "dependencies": {
    "@nodecraft/ini": {
      "version": "2.2.1",
      "resolved": "https://registry.npmjs.org/@nodecraft/ini/-/ini-2.2.1.tgz",
      "integrity": "sha512-wdJf/sCIkp5EcfxUxhkJfv/xw+Rsdrsx9cczemlfIyvwXUuHfxWUCzNIr1CmqWZ08oEt9m2qVgzzgHviSO6qPw=="
    }
  }
}
